PODS:
  - biometric_storage (0.0.1):
    - Flutter
  - Flutter (1.0.0)
  - printing (1.0.0):
    - Flutter

DEPENDENCIES:
  - biometric_storage (from `.symlinks/plugins/biometric_storage/ios`)
  - Flutter (from `Flutter`)
  - printing (from `.symlinks/plugins/printing/ios`)

EXTERNAL SOURCES:
  biometric_storage:
    :path: ".symlinks/plugins/biometric_storage/ios"
  Flutter:
    :path: Flutter
  printing:
    :path: ".symlinks/plugins/printing/ios"

SPEC CHECKSUMS:
  biometric_storage: 662167ef947fba48891850f0b3042f892a839e9a
  Flutter: 71a624a5bc0c04062bf19101d501e466baf2fb47
  printing: 54ff03f28fe9ba3aa93358afb80a8595a071dd07

PODFILE CHECKSUM: 0e525152e3ec397947996fbf92d176f885bd8b2a

COCOAPODS: 1.16.2
